
Microsoft Visual Studio Solution File, Format Version 12.00
# Visual Studio Version 17
VisualStudioVersion = 17.13.35825.156
MinimumVisualStudioVersion = 10.0.40219.1
Project("{FAE04EC0-301F-11D3-BF4B-00C04F79EFBC}") = "Bakery", "Bakery\Bakery.csproj", "{A85C79BB-8B28-4CCD-867F-AC36B5C8D969}"
EndProject
Project("{FAE04EC0-301F-11D3-BF4B-00C04F79EFBC}") = "Repositories", "Repositories\Repositories.csproj", "{7C891193-F3E3-4B2D-A08B-D3677937C851}"
EndProject
Project("{FAE04EC0-301F-11D3-BF4B-00C04F79EFBC}") = "Services", "Services\Services.csproj", "{F620E4A9-BF5A-48D1-BB72-A858D205701A}"
EndProject
Project("{FAE04EC0-301F-11D3-BF4B-00C04F79EFBC}") = "Entities", "Entities\Entities.csproj", "{7D61BFCA-48D2-4231-8315-22EF4FEE2199}"
EndProject
Project("{FAE04EC0-301F-11D3-BF4B-00C04F79EFBC}") = "Testsunit", "Testsunit\Testsunit.csproj", "{260C9F0F-C955-4CA4-B215-19E163AF6E43}"
EndProject
Project("{FAE04EC0-301F-11D3-BF4B-00C04F79EFBC}") = "DTOs", "DTOs\DTOs.csproj", "{B65D19C8-5BAC-4727-851F-413C9C0CBC99}"
EndProject
Global
	GlobalSection(SolutionConfigurationPlatforms) = preSolution
		Debug|Any CPU = Debug|Any CPU
		Release|Any CPU = Release|Any CPU
	EndGlobalSection
	GlobalSection(ProjectConfigurationPlatforms) = postSolution
		{A85C79BB-8B28-4CCD-867F-AC36B5C8D969}.Debug|Any CPU.ActiveCfg = Debug|Any CPU
		{A85C79BB-8B28-4CCD-867F-AC36B5C8D969}.Debug|Any CPU.Build.0 = Debug|Any CPU
		{A85C79BB-8B28-4CCD-867F-AC36B5C8D969}.Release|Any CPU.ActiveCfg = Release|Any CPU
		{A85C79BB-8B28-4CCD-867F-AC36B5C8D969}.Release|Any CPU.Build.0 = Release|Any CPU
		{7C891193-F3E3-4B2D-A08B-D3677937C851}.Debug|Any CPU.ActiveCfg = Debug|Any CPU
		{7C891193-F3E3-4B2D-A08B-D3677937C851}.Debug|Any CPU.Build.0 = Debug|Any CPU
		{7C891193-F3E3-4B2D-A08B-D3677937C851}.Release|Any CPU.ActiveCfg = Release|Any CPU
		{7C891193-F3E3-4B2D-A08B-D3677937C851}.Release|Any CPU.Build.0 = Release|Any CPU
		{F620E4A9-BF5A-48D1-BB72-A858D205701A}.Debug|Any CPU.ActiveCfg = Debug|Any CPU
		{F620E4A9-BF5A-48D1-BB72-A858D205701A}.Debug|Any CPU.Build.0 = Debug|Any CPU
		{F620E4A9-BF5A-48D1-BB72-A858D205701A}.Release|Any CPU.ActiveCfg = Release|Any CPU
		{F620E4A9-BF5A-48D1-BB72-A858D205701A}.Release|Any CPU.Build.0 = Release|Any CPU
		{7D61BFCA-48D2-4231-8315-22EF4FEE2199}.Debug|Any CPU.ActiveCfg = Debug|Any CPU
		{7D61BFCA-48D2-4231-8315-22EF4FEE2199}.Debug|Any CPU.Build.0 = Debug|Any CPU
		{7D61BFCA-48D2-4231-8315-22EF4FEE2199}.Release|Any CPU.ActiveCfg = Release|Any CPU
		{7D61BFCA-48D2-4231-8315-22EF4FEE2199}.Release|Any CPU.Build.0 = Release|Any CPU
		{260C9F0F-C955-4CA4-B215-19E163AF6E43}.Debug|Any CPU.ActiveCfg = Debug|Any CPU
		{260C9F0F-C955-4CA4-B215-19E163AF6E43}.Debug|Any CPU.Build.0 = Debug|Any CPU
		{260C9F0F-C955-4CA4-B215-19E163AF6E43}.Release|Any CPU.ActiveCfg = Release|Any CPU
		{260C9F0F-C955-4CA4-B215-19E163AF6E43}.Release|Any CPU.Build.0 = Release|Any CPU
		{B65D19C8-5BAC-4727-851F-413C9C0CBC99}.Debug|Any CPU.ActiveCfg = Debug|Any CPU
		{B65D19C8-5BAC-4727-851F-413C9C0CBC99}.Debug|Any CPU.Build.0 = Debug|Any CPU
		{B65D19C8-5BAC-4727-851F-413C9C0CBC99}.Release|Any CPU.ActiveCfg = Release|Any CPU
		{B65D19C8-5BAC-4727-851F-413C9C0CBC99}.Release|Any CPU.Build.0 = Release|Any CPU
	EndGlobalSection
	GlobalSection(SolutionProperties) = preSolution
		HideSolutionNode = FALSE
	EndGlobalSection
	GlobalSection(ExtensibilityGlobals) = postSolution
		SolutionGuid = {EB1C08DF-2913-49AA-B4C4-67A18159BC13}
	EndGlobalSection
EndGlobal
